
Microsoft Visual Studio Solution File, Format Version 12.00
# Visual Studio Version 16
VisualStudioVersion = 16.0.30320.27
MinimumVisualStudioVersion = 10.0.40219.1
Project("{FAE04EC0-301F-11D3-BF4B-00C04F79EFBC}") = "DOMZ", "DOMZ\DOMZ.csproj", "{14C3B6B4-5E11-4A44-8129-FE637D4D2E49}"
EndProject
Global
	GlobalSection(SolutionConfigurationPlatforms) = preSolution
		Debug|Any CPU = Debug|Any CPU
		Release|Any CPU = Release|Any CPU
	EndGlobalSection
	GlobalSection(ProjectConfigurationPlatforms) = postSolution
		{14C3B6B4-5E11-4A44-8129-FE637D4D2E49}.Debug|Any CPU.ActiveCfg = Debug|Any CPU
		{14C3B6B4-5E11-4A44-8129-FE637D4D2E49}.Debug|Any CPU.Build.0 = Debug|Any CPU
		{14C3B6B4-5E11-4A44-8129-FE637D4D2E49}.Release|Any CPU.ActiveCfg = Release|Any CPU
		{14C3B6B4-5E11-4A44-8129-FE637D4D2E49}.Release|Any CPU.Build.0 = Release|Any CPU
	EndGlobalSection
	GlobalSection(SolutionProperties) = preSolution
		HideSolutionNode = FALSE
	EndGlobalSection
	GlobalSection(ExtensibilityGlobals) = postSolution
		SolutionGuid = {E504E004-D150-4C5F-A21B-7657F0B020E5}
	EndGlobalSection
EndGlobal
